// !$*UTF8*$!
{
	archiveVersion = 1;
	classes = {
	};
	objectVersion = 46;
	objects = {

/* Begin PBXBuildFile section */
		0D094FD018D7FC4D006EFD4C /* PHTagNotification.m in Sources */ = {isa = PBXBuildFile; fileRef = 0D094FCF18D7FC4D006EFD4C /* PHTagNotification.m */; };
		0D0E039618D154BC009B604E /* CoreData.framework in Frameworks */ = {isa = PBXBuildFile; fileRef = 0D0E039518D154BC009B604E /* CoreData.framework */; };
		0D0E039918D154CE009B604E /* PopHello.xcdatamodeld in Sources */ = {isa = PBXBuildFile; fileRef = 0D0E039718D154CE009B604E /* PopHello.xcdatamodeld */; };
		0D1A90C51892656B009636D0 /* Localizable.strings in Resources */ = {isa = PBXBuildFile; fileRef = 0D1A90C41892656B009636D0 /* Localizable.strings */; };
		0D2C848B18F91A0A005B85CE /* NSArray+PHArray.m in Sources */ = {isa = PBXBuildFile; fileRef = 0D2C848A18F91A0A005B85CE /* NSArray+PHArray.m */; };
		0D2C848E18FA48D4005B85CE /* PHServiceAvailabilityMonitor.m in Sources */ = {isa = PBXBuildFile; fileRef = 0D2C848D18FA48D4005B85CE /* PHServiceAvailabilityMonitor.m */; };
		0D2C849218FA70D5005B85CE /* PHServiceUnavailable.m in Sources */ = {isa = PBXBuildFile; fileRef = 0D2C849118FA70D5005B85CE /* PHServiceUnavailable.m */; };
		0D6488D418CD45B6002FFD3E /* PHTagCreate.m in Sources */ = {isa = PBXBuildFile; fileRef = 0D6488D318CD45B6002FFD3E /* PHTagCreate.m */; };
		0D70C4241895FD3B0043ED68 /* UIColor+PHColor.m in Sources */ = {isa = PBXBuildFile; fileRef = 0D70C4231895FD3B0043ED68 /* UIColor+PHColor.m */; };
		0D7824DA18DAC27100F28481 /* PHLogRecorder.m in Sources */ = {isa = PBXBuildFile; fileRef = 0D7824D918DAC27100F28481 /* PHLogRecorder.m */; };
		0D7824DD18DBE74000F28481 /* PHTagActiveStore.m in Sources */ = {isa = PBXBuildFile; fileRef = 0D7824DC18DBE74000F28481 /* PHTagActiveStore.m */; };
		0D7824E518DDA51700F28481 /* SystemConfiguration.framework in Frameworks */ = {isa = PBXBuildFile; fileRef = 0D7824E418DDA51700F28481 /* SystemConfiguration.framework */; };
		0D7824E718DDA52800F28481 /* libz.dylib in Frameworks */ = {isa = PBXBuildFile; fileRef = 0D7824E618DDA52800F28481 /* libz.dylib */; };
		0DA60FAE18E81CF7004E09B1 /* UIFont+PHFont.m in Sources */ = {isa = PBXBuildFile; fileRef = 0DA60FAD18E81CF7004E09B1 /* UIFont+PHFont.m */; };
		0DA60FB118E8206C004E09B1 /* PHPending.m in Sources */ = {isa = PBXBuildFile; fileRef = 0DA60FB018E8206C004E09B1 /* PHPending.m */; };
		0DA60FB718E8262C004E09B1 /* PHAnimationView.m in Sources */ = {isa = PBXBuildFile; fileRef = 0DA60FB618E8262C004E09B1 /* PHAnimationView.m */; };
		0DA99130189237B700194290 /* PHMainViewController.m in Sources */ = {isa = PBXBuildFile; fileRef = 0DA9912F189237B700194290 /* PHMainViewController.m */; };
		0DACA7CA18E10F66000297EB /* PHStoreManager.m in Sources */ = {isa = PBXBuildFile; fileRef = 0DACA7C918E10F66000297EB /* PHStoreManager.m */; };
		0DACA7CD18E267D8000297EB /* PHTagCreateSuccess.m in Sources */ = {isa = PBXBuildFile; fileRef = 0DACA7CC18E267D8000297EB /* PHTagCreateSuccess.m */; };
		0DACA7D818E27753000297EB /* PHServerError.m in Sources */ = {isa = PBXBuildFile; fileRef = 0DACA7D718E27753000297EB /* PHServerError.m */; };
		0DADA23D189C8CFE00AFA25C /* MWLogging.m in Sources */ = {isa = PBXBuildFile; fileRef = 0DADA23C189C8CFE00AFA25C /* MWLogging.m */; };
		0DADA241189C8D4E00AFA25C /* PHLocationService.m in Sources */ = {isa = PBXBuildFile; fileRef = 0DADA23F189C8D4E00AFA25C /* PHLocationService.m */; };
		0DADA244189E049300AFA25C /* PHZoneManager.m in Sources */ = {isa = PBXBuildFile; fileRef = 0DADA243189E049300AFA25C /* PHZoneManager.m */; };
		0DADA24A189E133000AFA25C /* PHServer.m in Sources */ = {isa = PBXBuildFile; fileRef = 0DADA249189E133000AFA25C /* PHServer.m */; };
		0DADD5B318DFD79C00E6DD78 /* BugSense-iOS.framework in Frameworks */ = {isa = PBXBuildFile; fileRef = 0DADD5B218DFD79C00E6DD78 /* BugSense-iOS.framework */; };
		0DB062CB18D3D4CA00F08C3B /* PHTagsStore.m in Sources */ = {isa = PBXBuildFile; fileRef = 0DB062CA18D3D4CA00F08C3B /* PHTagsStore.m */; };
		0DBE76C218FCDCD100EC32D4 /* PHUserView.m in Sources */ = {isa = PBXBuildFile; fileRef = 0DBE76C118FCDCD100EC32D4 /* PHUserView.m */; };
		0DBE76C818FD08E400EC32D4 /* UIImage+PHImage.m in Sources */ = {isa = PBXBuildFile; fileRef = 0DBE76C718FD08E400EC32D4 /* UIImage+PHImage.m */; };
		0DBE7CD21897442300074E96 /* PHTagView.m in Sources */ = {isa = PBXBuildFile; fileRef = 0DBE7CD11897442300074E96 /* PHTagView.m */; };
		0DE54207188E3E85004F72E9 /* Foundation.framework in Frameworks */ = {isa = PBXBuildFile; fileRef = 0DE54206188E3E85004F72E9 /* Foundation.framework */; };
		0DE54209188E3E85004F72E9 /* CoreGraphics.framework in Frameworks */ = {isa = PBXBuildFile; fileRef = 0DE54208188E3E85004F72E9 /* CoreGraphics.framework */; };
		0DE5420B188E3E85004F72E9 /* UIKit.framework in Frameworks */ = {isa = PBXBuildFile; fileRef = 0DE5420A188E3E85004F72E9 /* UIKit.framework */; };
		0DE54211188E3E85004F72E9 /* InfoPlist.strings in Resources */ = {isa = PBXBuildFile; fileRef = 0DE5420F188E3E85004F72E9 /* InfoPlist.strings */; };
		0DE54213188E3E85004F72E9 /* main.m in Sources */ = {isa = PBXBuildFile; fileRef = 0DE54212188E3E85004F72E9 /* main.m */; };
		0DE54217188E3E85004F72E9 /* PHAppDelegate.m in Sources */ = {isa = PBXBuildFile; fileRef = 0DE54216188E3E85004F72E9 /* PHAppDelegate.m */; };
		0DE5421A188E3E86004F72E9 /* Main.storyboard in Resources */ = {isa = PBXBuildFile; fileRef = 0DE54218188E3E86004F72E9 /* Main.storyboard */; };
		0DE5421F188E3E86004F72E9 /* Images.xcassets in Resources */ = {isa = PBXBuildFile; fileRef = 0DE5421E188E3E86004F72E9 /* Images.xcassets */; };
		0DE54226188E3E86004F72E9 /* XCTest.framework in Frameworks */ = {isa = PBXBuildFile; fileRef = 0DE54225188E3E86004F72E9 /* XCTest.framework */; };
		0DE54227188E3E86004F72E9 /* Foundation.framework in Frameworks */ = {isa = PBXBuildFile; fileRef = 0DE54206188E3E85004F72E9 /* Foundation.framework */; };
		0DE54228188E3E86004F72E9 /* UIKit.framework in Frameworks */ = {isa = PBXBuildFile; fileRef = 0DE5420A188E3E85004F72E9 /* UIKit.framework */; };
		0DE54230188E3E86004F72E9 /* InfoPlist.strings in Resources */ = {isa = PBXBuildFile; fileRef = 0DE5422E188E3E86004F72E9 /* InfoPlist.strings */; };
		0DE54232188E3E86004F72E9 /* PopHelloTests.m in Sources */ = {isa = PBXBuildFile; fileRef = 0DE54231188E3E86004F72E9 /* PopHelloTests.m */; };
		0DE5423C188E406B004F72E9 /* CoreLocation.framework in Frameworks */ = {isa = PBXBuildFile; fileRef = 0DE5423B188E406B004F72E9 /* CoreLocation.framework */; };
/* End PBXBuildFile section */

/* Begin PBXContainerItemProxy section */
		0DE54229188E3E86004F72E9 /* PBXContainerItemProxy */ = {
			isa = PBXContainerItemProxy;
			containerPortal = 0DE541FB188E3E85004F72E9 /* Project object */;
			proxyType = 1;
			remoteGlobalIDString = 0DE54202188E3E85004F72E9;
			remoteInfo = PopHello;
		};
/* End PBXContainerItemProxy section */

/* Begin PBXFileReference section */
		0D094FCE18D7FC4D006EFD4C /* PHTagNotification.h */ = {isa = PBXFileReference; fileEncoding = 4; lastKnownFileType = sourcecode.c.h; path = PHTagNotification.h; sourceTree = "<group>"; };
		0D094FCF18D7FC4D006EFD4C /* PHTagNotification.m */ = {isa = PBXFileReference; fileEncoding = 4; lastKnownFileType = sourcecode.c.objc; path = PHTagNotification.m; sourceTree = "<group>"; };
		0D0E039518D154BC009B604E /* CoreData.framework */ = {isa = PBXFileReference; lastKnownFileType = wrapper.framework; name = CoreData.framework; path = System/Library/Frameworks/CoreData.framework; sourceTree = SDKROOT; };
		0D0E039818D154CE009B604E /* PopHello.xcdatamodel */ = {isa = PBXFileReference; lastKnownFileType = wrapper.xcdatamodel; path = PopHello.xcdatamodel; sourceTree = "<group>"; };
		0D1A90C41892656B009636D0 /* Localizable.strings */ = {isa = PBXFileReference; fileEncoding = 4; lastKnownFileType = text.plist.strings; path = Localizable.strings; sourceTree = "<group>"; };
		0D262F4619061ACB001897A8 /* PHTagViewDelegate.h */ = {isa = PBXFileReference; lastKnownFileType = sourcecode.c.h; path = PHTagViewDelegate.h; sourceTree = "<group>"; };
		0D2C848918F91A0A005B85CE /* NSArray+PHArray.h */ = {isa = PBXFileReference; fileEncoding = 4; lastKnownFileType = sourcecode.c.h; path = "NSArray+PHArray.h"; sourceTree = "<group>"; };
		0D2C848A18F91A0A005B85CE /* NSArray+PHArray.m */ = {isa = PBXFileReference; fileEncoding = 4; lastKnownFileType = sourcecode.c.objc; path = "NSArray+PHArray.m"; sourceTree = "<group>"; };
		0D2C848C18FA48D4005B85CE /* PHServiceAvailabilityMonitor.h */ = {isa = PBXFileReference; fileEncoding = 4; lastKnownFileType = sourcecode.c.h; path = PHServiceAvailabilityMonitor.h; sourceTree = "<group>"; };
		0D2C848D18FA48D4005B85CE /* PHServiceAvailabilityMonitor.m */ = {isa = PBXFileReference; fileEncoding = 4; lastKnownFileType = sourcecode.c.objc; path = PHServiceAvailabilityMonitor.m; sourceTree = "<group>"; };
		0D2C848F18FA490B005B85CE /* PHServiceAvailabilityDelegate.h */ = {isa = PBXFileReference; lastKnownFileType = sourcecode.c.h; path = PHServiceAvailabilityDelegate.h; sourceTree = "<group>"; };
		0D2C849018FA70D5005B85CE /* PHServiceUnavailable.h */ = {isa = PBXFileReference; fileEncoding = 4; lastKnownFileType = sourcecode.c.h; path = PHServiceUnavailable.h; sourceTree = "<group>"; };
		0D2C849118FA70D5005B85CE /* PHServiceUnavailable.m */ = {isa = PBXFileReference; fileEncoding = 4; lastKnownFileType = sourcecode.c.objc; path = PHServiceUnavailable.m; sourceTree = "<group>"; };
		0D6488D218CD45B6002FFD3E /* PHTagCreate.h */ = {isa = PBXFileReference; fileEncoding = 4; lastKnownFileType = sourcecode.c.h; path = PHTagCreate.h; sourceTree = "<group>"; };
		0D6488D318CD45B6002FFD3E /* PHTagCreate.m */ = {isa = PBXFileReference; fileEncoding = 4; lastKnownFileType = sourcecode.c.objc; path = PHTagCreate.m; sourceTree = "<group>"; };
		0D70C4221895FD3B0043ED68 /* UIColor+PHColor.h */ = {isa = PBXFileReference; fileEncoding = 4; lastKnownFileType = sourcecode.c.h; path = "UIColor+PHColor.h"; sourceTree = "<group>"; };
		0D70C4231895FD3B0043ED68 /* UIColor+PHColor.m */ = {isa = PBXFileReference; fileEncoding = 4; lastKnownFileType = sourcecode.c.objc; path = "UIColor+PHColor.m"; sourceTree = "<group>"; };
		0D7824D818DAC27100F28481 /* PHLogRecorder.h */ = {isa = PBXFileReference; fileEncoding = 4; lastKnownFileType = sourcecode.c.h; path = PHLogRecorder.h; sourceTree = "<group>"; };
		0D7824D918DAC27100F28481 /* PHLogRecorder.m */ = {isa = PBXFileReference; fileEncoding = 4; lastKnownFileType = sourcecode.c.objc; path = PHLogRecorder.m; sourceTree = "<group>"; };
		0D7824DB18DBE74000F28481 /* PHTagActiveStore.h */ = {isa = PBXFileReference; fileEncoding = 4; lastKnownFileType = sourcecode.c.h; path = PHTagActiveStore.h; sourceTree = "<group>"; };
		0D7824DC18DBE74000F28481 /* PHTagActiveStore.m */ = {isa = PBXFileReference; fileEncoding = 4; lastKnownFileType = sourcecode.c.objc; path = PHTagActiveStore.m; sourceTree = "<group>"; };
		0D7824E418DDA51700F28481 /* SystemConfiguration.framework */ = {isa = PBXFileReference; lastKnownFileType = wrapper.framework; name = SystemConfiguration.framework; path = System/Library/Frameworks/SystemConfiguration.framework; sourceTree = SDKROOT; };
		0D7824E618DDA52800F28481 /* libz.dylib */ = {isa = PBXFileReference; lastKnownFileType = "compiled.mach-o.dylib"; name = libz.dylib; path = usr/lib/libz.dylib; sourceTree = SDKROOT; };
		0DA60FAC18E81CF7004E09B1 /* UIFont+PHFont.h */ = {isa = PBXFileReference; fileEncoding = 4; lastKnownFileType = sourcecode.c.h; path = "UIFont+PHFont.h"; sourceTree = "<group>"; };
		0DA60FAD18E81CF7004E09B1 /* UIFont+PHFont.m */ = {isa = PBXFileReference; fileEncoding = 4; lastKnownFileType = sourcecode.c.objc; path = "UIFont+PHFont.m"; sourceTree = "<group>"; };
		0DA60FAF18E8206C004E09B1 /* PHPending.h */ = {isa = PBXFileReference; fileEncoding = 4; lastKnownFileType = sourcecode.c.h; path = PHPending.h; sourceTree = "<group>"; };
		0DA60FB018E8206C004E09B1 /* PHPending.m */ = {isa = PBXFileReference; fileEncoding = 4; lastKnownFileType = sourcecode.c.objc; path = PHPending.m; sourceTree = "<group>"; };
		0DA60FB518E8262C004E09B1 /* PHAnimationView.h */ = {isa = PBXFileReference; fileEncoding = 4; lastKnownFileType = sourcecode.c.h; path = PHAnimationView.h; sourceTree = "<group>"; };
		0DA60FB618E8262C004E09B1 /* PHAnimationView.m */ = {isa = PBXFileReference; fileEncoding = 4; lastKnownFileType = sourcecode.c.objc; path = PHAnimationView.m; sourceTree = "<group>"; };
		0DA9912E189237B700194290 /* PHMainViewController.h */ = {isa = PBXFileReference; fileEncoding = 4; lastKnownFileType = sourcecode.c.h; path = PHMainViewController.h; sourceTree = "<group>"; };
		0DA9912F189237B700194290 /* PHMainViewController.m */ = {isa = PBXFileReference; fileEncoding = 4; lastKnownFileType = sourcecode.c.objc; path = PHMainViewController.m; sourceTree = "<group>"; };
		0DACA7C818E10F66000297EB /* PHStoreManager.h */ = {isa = PBXFileReference; fileEncoding = 4; lastKnownFileType = sourcecode.c.h; path = PHStoreManager.h; sourceTree = "<group>"; };
		0DACA7C918E10F66000297EB /* PHStoreManager.m */ = {isa = PBXFileReference; fileEncoding = 4; lastKnownFileType = sourcecode.c.objc; path = PHStoreManager.m; sourceTree = "<group>"; };
		0DACA7CB18E267D8000297EB /* PHTagCreateSuccess.h */ = {isa = PBXFileReference; fileEncoding = 4; lastKnownFileType = sourcecode.c.h; path = PHTagCreateSuccess.h; sourceTree = "<group>"; };
		0DACA7CC18E267D8000297EB /* PHTagCreateSuccess.m */ = {isa = PBXFileReference; fileEncoding = 4; lastKnownFileType = sourcecode.c.objc; path = PHTagCreateSuccess.m; sourceTree = "<group>"; };
		0DACA7D218E26CD5000297EB /* PHTagCreateDelegate.h */ = {isa = PBXFileReference; lastKnownFileType = sourcecode.c.h; path = PHTagCreateDelegate.h; sourceTree = "<group>"; };
		0DACA7D618E27753000297EB /* PHServerError.h */ = {isa = PBXFileReference; fileEncoding = 4; lastKnownFileType = sourcecode.c.h; path = PHServerError.h; sourceTree = "<group>"; };
		0DACA7D718E27753000297EB /* PHServerError.m */ = {isa = PBXFileReference; fileEncoding = 4; lastKnownFileType = sourcecode.c.objc; path = PHServerError.m; sourceTree = "<group>"; };
		0DADA23B189C8CFE00AFA25C /* MWLogging.h */ = {isa = PBXFileReference; fileEncoding = 4; lastKnownFileType = sourcecode.c.h; path = MWLogging.h; sourceTree = "<group>"; };
		0DADA23C189C8CFE00AFA25C /* MWLogging.m */ = {isa = PBXFileReference; fileEncoding = 4; lastKnownFileType = sourcecode.c.objc; path = MWLogging.m; sourceTree = "<group>"; };
		0DADA23E189C8D4E00AFA25C /* PHLocationService.h */ = {isa = PBXFileReference; fileEncoding = 4; lastKnownFileType = sourcecode.c.h; path = PHLocationService.h; sourceTree = "<group>"; };
		0DADA23F189C8D4E00AFA25C /* PHLocationService.m */ = {isa = PBXFileReference; fileEncoding = 4; lastKnownFileType = sourcecode.c.objc; path = PHLocationService.m; sourceTree = "<group>"; };
		0DADA240189C8D4E00AFA25C /* PHLocationServiceDelegate.h */ = {isa = PBXFileReference; fileEncoding = 4; lastKnownFileType = sourcecode.c.h; path = PHLocationServiceDelegate.h; sourceTree = "<group>"; };
		0DADA242189E049300AFA25C /* PHZoneManager.h */ = {isa = PBXFileReference; fileEncoding = 4; lastKnownFileType = sourcecode.c.h; path = PHZoneManager.h; sourceTree = "<group>"; };
		0DADA243189E049300AFA25C /* PHZoneManager.m */ = {isa = PBXFileReference; fileEncoding = 4; lastKnownFileType = sourcecode.c.objc; path = PHZoneManager.m; sourceTree = "<group>"; };
		0DADA246189E0BA400AFA25C /* PHZoneManagerDelegate.h */ = {isa = PBXFileReference; lastKnownFileType = sourcecode.c.h; path = PHZoneManagerDelegate.h; sourceTree = "<group>"; };
		0DADA248189E133000AFA25C /* PHServer.h */ = {isa = PBXFileReference; fileEncoding = 4; lastKnownFileType = sourcecode.c.h; path = PHServer.h; sourceTree = "<group>"; };
		0DADA249189E133000AFA25C /* PHServer.m */ = {isa = PBXFileReference; fileEncoding = 4; lastKnownFileType = sourcecode.c.objc; path = PHServer.m; sourceTree = "<group>"; };
		0DADD5B218DFD79C00E6DD78 /* BugSense-iOS.framework */ = {isa = PBXFileReference; lastKnownFileType = wrapper.framework; path = "BugSense-iOS.framework"; sourceTree = "<group>"; };
		0DB062C918D3D4CA00F08C3B /* PHTagsStore.h */ = {isa = PBXFileReference; fileEncoding = 4; lastKnownFileType = sourcecode.c.h; path = PHTagsStore.h; sourceTree = "<group>"; };
		0DB062CA18D3D4CA00F08C3B /* PHTagsStore.m */ = {isa = PBXFileReference; fileEncoding = 4; lastKnownFileType = sourcecode.c.objc; path = PHTagsStore.m; sourceTree = "<group>"; };
		0DB062CC18D3EDFB00F08C3B /* MockRoute.gpx */ = {isa = PBXFileReference; lastKnownFileType = text.xml; name = MockRoute.gpx; path = ../MockRoute.gpx; sourceTree = "<group>"; };
		0DBE76C018FCDCD100EC32D4 /* PHUserView.h */ = {isa = PBXFileReference; fileEncoding = 4; lastKnownFileType = sourcecode.c.h; path = PHUserView.h; sourceTree = "<group>"; };
		0DBE76C118FCDCD100EC32D4 /* PHUserView.m */ = {isa = PBXFileReference; fileEncoding = 4; lastKnownFileType = sourcecode.c.objc; path = PHUserView.m; sourceTree = "<group>"; };
		0DBE76C618FD08E400EC32D4 /* UIImage+PHImage.h */ = {isa = PBXFileReference; fileEncoding = 4; lastKnownFileType = sourcecode.c.h; path = "UIImage+PHImage.h"; sourceTree = "<group>"; };
		0DBE76C718FD08E400EC32D4 /* UIImage+PHImage.m */ = {isa = PBXFileReference; fileEncoding = 4; lastKnownFileType = sourcecode.c.objc; path = "UIImage+PHImage.m"; sourceTree = "<group>"; };
		0DBE7CD01897442300074E96 /* PHTagView.h */ = {isa = PBXFileReference; fileEncoding = 4; lastKnownFileType = sourcecode.c.h; path = PHTagView.h; sourceTree = "<group>"; };
		0DBE7CD11897442300074E96 /* PHTagView.m */ = {isa = PBXFileReference; fileEncoding = 4; lastKnownFileType = sourcecode.c.objc; path = PHTagView.m; sourceTree = "<group>"; };
		0DC3D13318E8FAD500C2FFF9 /* PHAnimationViewDelegate.h */ = {isa = PBXFileReference; lastKnownFileType = sourcecode.c.h; path = PHAnimationViewDelegate.h; sourceTree = "<group>"; };
		0DE54203188E3E85004F72E9 /* PopHello.app */ = {isa = PBXFileReference; explicitFileType = wrapper.application; includeInIndex = 0; path = PopHello.app; sourceTree = BUILT_PRODUCTS_DIR; };
		0DE54206188E3E85004F72E9 /* Foundation.framework */ = {isa = PBXFileReference; lastKnownFileType = wrapper.framework; name = Foundation.framework; path = System/Library/Frameworks/Foundation.framework; sourceTree = SDKROOT; };
		0DE54208188E3E85004F72E9 /* CoreGraphics.framework */ = {isa = PBXFileReference; lastKnownFileType = wrapper.framework; name = CoreGraphics.framework; path = System/Library/Frameworks/CoreGraphics.framework; sourceTree = SDKROOT; };
		0DE5420A188E3E85004F72E9 /* UIKit.framework */ = {isa = PBXFileReference; lastKnownFileType = wrapper.framework; name = UIKit.framework; path = System/Library/Frameworks/UIKit.framework; sourceTree = SDKROOT; };
		0DE5420E188E3E85004F72E9 /* PopHello-Info.plist */ = {isa = PBXFileReference; lastKnownFileType = text.plist.xml; path = "PopHello-Info.plist"; sourceTree = "<group>"; };
		0DE54210188E3E85004F72E9 /* en */ = {isa = PBXFileReference; lastKnownFileType = text.plist.strings; name = en; path = en.lproj/InfoPlist.strings; sourceTree = "<group>"; };
		0DE54212188E3E85004F72E9 /* main.m */ = {isa = PBXFileReference; lastKnownFileType = sourcecode.c.objc; path = main.m; sourceTree = "<group>"; };
		0DE54214188E3E85004F72E9 /* PopHello-Prefix.pch */ = {isa = PBXFileReference; lastKnownFileType = sourcecode.c.h; path = "PopHello-Prefix.pch"; sourceTree = "<group>"; };
		0DE54215188E3E85004F72E9 /* PHAppDelegate.h */ = {isa = PBXFileReference; lastKnownFileType = sourcecode.c.h; path = PHAppDelegate.h; sourceTree = "<group>"; };
		0DE54216188E3E85004F72E9 /* PHAppDelegate.m */ = {isa = PBXFileReference; lastKnownFileType = sourcecode.c.objc; path = PHAppDelegate.m; sourceTree = "<group>"; };
		0DE54219188E3E86004F72E9 /* Base */ = {isa = PBXFileReference; lastKnownFileType = file.storyboard; name = Base; path = Base.lproj/Main.storyboard; sourceTree = "<group>"; };
		0DE5421E188E3E86004F72E9 /* Images.xcassets */ = {isa = PBXFileReference; lastKnownFileType = folder.assetcatalog; path = Images.xcassets; sourceTree = "<group>"; };
		0DE54224188E3E86004F72E9 /* PopHelloTests.xctest */ = {isa = PBXFileReference; explicitFileType = wrapper.cfbundle; includeInIndex = 0; path = PopHelloTests.xctest; sourceTree = BUILT_PRODUCTS_DIR; };
		0DE54225188E3E86004F72E9 /* XCTest.framework */ = {isa = PBXFileReference; lastKnownFileType = wrapper.framework; name = XCTest.framework; path = Library/Frameworks/XCTest.framework; sourceTree = DEVELOPER_DIR; };
		0DE5422D188E3E86004F72E9 /* PopHelloTests-Info.plist */ = {isa = PBXFileReference; lastKnownFileType = text.plist.xml; path = "PopHelloTests-Info.plist"; sourceTree = "<group>"; };
		0DE5422F188E3E86004F72E9 /* en */ = {isa = PBXFileReference; lastKnownFileType = text.plist.strings; name = en; path = en.lproj/InfoPlist.strings; sourceTree = "<group>"; };
		0DE54231188E3E86004F72E9 /* PopHelloTests.m */ = {isa = PBXFileReference; lastKnownFileType = sourcecode.c.objc; path = PopHelloTests.m; sourceTree = "<group>"; };
		0DE5423B188E406B004F72E9 /* CoreLocation.framework */ = {isa = PBXFileReference; lastKnownFileType = wrapper.framework; name = CoreLocation.framework; path = System/Library/Frameworks/CoreLocation.framework; sourceTree = SDKROOT; };
/* End PBXFileReference section */

/* Begin PBXFrameworksBuildPhase section */
		0DE54200188E3E85004F72E9 /* Frameworks */ = {
			isa = PBXFrameworksBuildPhase;
			buildActionMask = 2147483647;
			files = (
				0D7824E718DDA52800F28481 /* libz.dylib in Frameworks */,
				0D7824E518DDA51700F28481 /* SystemConfiguration.framework in Frameworks */,
				0D0E039618D154BC009B604E /* CoreData.framework in Frameworks */,
				0DE5423C188E406B004F72E9 /* CoreLocation.framework in Frameworks */,
				0DE54209188E3E85004F72E9 /* CoreGraphics.framework in Frameworks */,
				0DE5420B188E3E85004F72E9 /* UIKit.framework in Frameworks */,
				0DADD5B318DFD79C00E6DD78 /* BugSense-iOS.framework in Frameworks */,
				0DE54207188E3E85004F72E9 /* Foundation.framework in Frameworks */,
			);
			runOnlyForDeploymentPostprocessing = 0;
		};
		0DE54221188E3E86004F72E9 /* Frameworks */ = {
			isa = PBXFrameworksBuildPhase;
			buildActionMask = 2147483647;
			files = (
				0DE54226188E3E86004F72E9 /* XCTest.framework in Frameworks */,
				0DE54228188E3E86004F72E9 /* UIKit.framework in Frameworks */,
				0DE54227188E3E86004F72E9 /* Foundation.framework in Frameworks */,
			);
			runOnlyForDeploymentPostprocessing = 0;
		};
/* End PBXFrameworksBuildPhase section */

/* Begin PBXGroup section */
		0D70C4211895FCC80043ED68 /* Utility */ = {
			isa = PBXGroup;
			children = (
				0DADA23B189C8CFE00AFA25C /* MWLogging.h */,
				0DADA23C189C8CFE00AFA25C /* MWLogging.m */,
				0D70C4221895FD3B0043ED68 /* UIColor+PHColor.h */,
				0D70C4231895FD3B0043ED68 /* UIColor+PHColor.m */,
				0D7824D818DAC27100F28481 /* PHLogRecorder.h */,
				0D7824D918DAC27100F28481 /* PHLogRecorder.m */,
				0DA60FAC18E81CF7004E09B1 /* UIFont+PHFont.h */,
				0DA60FAD18E81CF7004E09B1 /* UIFont+PHFont.m */,
				0D2C848918F91A0A005B85CE /* NSArray+PHArray.h */,
				0D2C848A18F91A0A005B85CE /* NSArray+PHArray.m */,
				0DBE76C618FD08E400EC32D4 /* UIImage+PHImage.h */,
				0DBE76C718FD08E400EC32D4 /* UIImage+PHImage.m */,
			);
			name = Utility;
			sourceTree = "<group>";
		};
		0DACA7CE18E26979000297EB /* Animation */ = {
			isa = PBXGroup;
			children = (
				0DA60FB518E8262C004E09B1 /* PHAnimationView.h */,
				0DA60FB618E8262C004E09B1 /* PHAnimationView.m */,
				0DC3D13318E8FAD500C2FFF9 /* PHAnimationViewDelegate.h */,
			);
			name = Animation;
			sourceTree = "<group>";
		};
		0DADA247189E132200AFA25C /* Server */ = {
			isa = PBXGroup;
			children = (
				0DADA248189E133000AFA25C /* PHServer.h */,
				0DADA249189E133000AFA25C /* PHServer.m */,
			);
			name = Server;
			sourceTree = "<group>";
		};
		0DB062C718D3D42300F08C3B /* Model */ = {
			isa = PBXGroup;
			children = (
				0DADA242189E049300AFA25C /* PHZoneManager.h */,
				0DADA243189E049300AFA25C /* PHZoneManager.m */,
				0DADA246189E0BA400AFA25C /* PHZoneManagerDelegate.h */,
				0D2C848C18FA48D4005B85CE /* PHServiceAvailabilityMonitor.h */,
				0D2C848D18FA48D4005B85CE /* PHServiceAvailabilityMonitor.m */,
				0D2C848F18FA490B005B85CE /* PHServiceAvailabilityDelegate.h */,
				0D094FCE18D7FC4D006EFD4C /* PHTagNotification.h */,
				0D094FCF18D7FC4D006EFD4C /* PHTagNotification.m */,
				0DADA247189E132200AFA25C /* Server */,
				0DB062C818D3D45E00F08C3B /* Data */,
			);
			name = Model;
			sourceTree = "<group>";
		};
		0DB062C818D3D45E00F08C3B /* Data */ = {
			isa = PBXGroup;
			children = (
				0DB062C918D3D4CA00F08C3B /* PHTagsStore.h */,
				0DB062CA18D3D4CA00F08C3B /* PHTagsStore.m */,
				0D7824DB18DBE74000F28481 /* PHTagActiveStore.h */,
				0D7824DC18DBE74000F28481 /* PHTagActiveStore.m */,
				0DACA7C818E10F66000297EB /* PHStoreManager.h */,
				0DACA7C918E10F66000297EB /* PHStoreManager.m */,
			);
			name = Data;
			sourceTree = "<group>";
		};
		0DBE76BF18FCDC9800EC32D4 /* Component */ = {
			isa = PBXGroup;
			children = (
				0DBE76C018FCDCD100EC32D4 /* PHUserView.h */,
				0DBE76C118FCDCD100EC32D4 /* PHUserView.m */,
			);
			name = Component;
			sourceTree = "<group>";
		};
		0DBE7CCE189743CC00074E96 /* Controller */ = {
			isa = PBXGroup;
			children = (
				0DADA23E189C8D4E00AFA25C /* PHLocationService.h */,
				0DADA23F189C8D4E00AFA25C /* PHLocationService.m */,
				0DADA240189C8D4E00AFA25C /* PHLocationServiceDelegate.h */,
				0DA9912E189237B700194290 /* PHMainViewController.h */,
				0DA9912F189237B700194290 /* PHMainViewController.m */,
			);
			name = Controller;
			sourceTree = "<group>";
		};
		0DBE7CCF189743E200074E96 /* View */ = {
			isa = PBXGroup;
			children = (
				0DBE76BF18FCDC9800EC32D4 /* Component */,
				0DACA7CE18E26979000297EB /* Animation */,
				0DBE7CD01897442300074E96 /* PHTagView.h */,
				0DBE7CD11897442300074E96 /* PHTagView.m */,
				0D262F4619061ACB001897A8 /* PHTagViewDelegate.h */,
				0D6488D218CD45B6002FFD3E /* PHTagCreate.h */,
				0D6488D318CD45B6002FFD3E /* PHTagCreate.m */,
				0DACA7D218E26CD5000297EB /* PHTagCreateDelegate.h */,
				0DACA7CB18E267D8000297EB /* PHTagCreateSuccess.h */,
				0DACA7CC18E267D8000297EB /* PHTagCreateSuccess.m */,
				0DACA7D618E27753000297EB /* PHServerError.h */,
				0DACA7D718E27753000297EB /* PHServerError.m */,
				0DA60FAF18E8206C004E09B1 /* PHPending.h */,
				0DA60FB018E8206C004E09B1 /* PHPending.m */,
				0D2C849018FA70D5005B85CE /* PHServiceUnavailable.h */,
				0D2C849118FA70D5005B85CE /* PHServiceUnavailable.m */,
			);
			name = View;
			sourceTree = "<group>";
		};
		0DE541FA188E3E85004F72E9 = {
			isa = PBXGroup;
			children = (
				0DE5420C188E3E85004F72E9 /* PopHello */,
				0DE5422B188E3E86004F72E9 /* PopHelloTests */,
				0DE54205188E3E85004F72E9 /* Frameworks */,
				0DE54204188E3E85004F72E9 /* Products */,
			);
			sourceTree = "<group>";
		};
		0DE54204188E3E85004F72E9 /* Products */ = {
			isa = PBXGroup;
			children = (
				0DE54203188E3E85004F72E9 /* PopHello.app */,
				0DE54224188E3E86004F72E9 /* PopHelloTests.xctest */,
			);
			name = Products;
			sourceTree = "<group>";
		};
		0DE54205188E3E85004F72E9 /* Frameworks */ = {
			isa = PBXGroup;
			children = (
				0DADD5B218DFD79C00E6DD78 /* BugSense-iOS.framework */,
				0D7824E618DDA52800F28481 /* libz.dylib */,
				0D7824E418DDA51700F28481 /* SystemConfiguration.framework */,
				0D0E039518D154BC009B604E /* CoreData.framework */,
				0DE5423B188E406B004F72E9 /* CoreLocation.framework */,
				0DE54206188E3E85004F72E9 /* Foundation.framework */,
				0DE54208188E3E85004F72E9 /* CoreGraphics.framework */,
				0DE5420A188E3E85004F72E9 /* UIKit.framework */,
				0DE54225188E3E86004F72E9 /* XCTest.framework */,
			);
			name = Frameworks;
			sourceTree = "<group>";
		};
		0DE5420C188E3E85004F72E9 /* PopHello */ = {
			isa = PBXGroup;
			children = (
				0DE54215188E3E85004F72E9 /* PHAppDelegate.h */,
				0DE54216188E3E85004F72E9 /* PHAppDelegate.m */,
				0DB062C718D3D42300F08C3B /* Model */,
				0DBE7CCF189743E200074E96 /* View */,
				0DBE7CCE189743CC00074E96 /* Controller */,
				0D70C4211895FCC80043ED68 /* Utility */,
				0DB062CC18D3EDFB00F08C3B /* MockRoute.gpx */,
				0DE54218188E3E86004F72E9 /* Main.storyboard */,
				0DE5420D188E3E85004F72E9 /* Supporting Files */,
				0DE5421E188E3E86004F72E9 /* Images.xcassets */,
				0D1A90C41892656B009636D0 /* Localizable.strings */,
				0D0E039718D154CE009B604E /* PopHello.xcdatamodeld */,
			);
			path = PopHello;
			sourceTree = "<group>";
		};
		0DE5420D188E3E85004F72E9 /* Supporting Files */ = {
			isa = PBXGroup;
			children = (
				0DE5420E188E3E85004F72E9 /* PopHello-Info.plist */,
				0DE5420F188E3E85004F72E9 /* InfoPlist.strings */,
				0DE54212188E3E85004F72E9 /* main.m */,
				0DE54214188E3E85004F72E9 /* PopHello-Prefix.pch */,
			);
			name = "Supporting Files";
			sourceTree = "<group>";
		};
		0DE5422B188E3E86004F72E9 /* PopHelloTests */ = {
			isa = PBXGroup;
			children = (
				0DE54231188E3E86004F72E9 /* PopHelloTests.m */,
				0DE5422C188E3E86004F72E9 /* Supporting Files */,
			);
			path = PopHelloTests;
			sourceTree = "<group>";
		};
		0DE5422C188E3E86004F72E9 /* Supporting Files */ = {
			isa = PBXGroup;
			children = (
				0DE5422D188E3E86004F72E9 /* PopHelloTests-Info.plist */,
				0DE5422E188E3E86004F72E9 /* InfoPlist.strings */,
			);
			name = "Supporting Files";
			sourceTree = "<group>";
		};
/* End PBXGroup section */

/* Begin PBXNativeTarget section */
		0DE54202188E3E85004F72E9 /* PopHello */ = {
			isa = PBXNativeTarget;
			buildConfigurationList = 0DE54235188E3E86004F72E9 /* Build configuration list for PBXNativeTarget "PopHello" */;
			buildPhases = (
				0DE541FF188E3E85004F72E9 /* Sources */,
				0DE54200188E3E85004F72E9 /* Frameworks */,
				0DE54201188E3E85004F72E9 /* Resources */,
			);
			buildRules = (
			);
			dependencies = (
			);
			name = PopHello;
			productName = PopHello;
			productReference = 0DE54203188E3E85004F72E9 /* PopHello.app */;
			productType = "com.apple.product-type.application";
		};
		0DE54223188E3E86004F72E9 /* PopHelloTests */ = {
			isa = PBXNativeTarget;
			buildConfigurationList = 0DE54238188E3E86004F72E9 /* Build configuration list for PBXNativeTarget "PopHelloTests" */;
			buildPhases = (
				0DE54220188E3E86004F72E9 /* Sources */,
				0DE54221188E3E86004F72E9 /* Frameworks */,
				0DE54222188E3E86004F72E9 /* Resources */,
			);
			buildRules = (
			);
			dependencies = (
				0DE5422A188E3E86004F72E9 /* PBXTargetDependency */,
			);
			name = PopHelloTests;
			productName = PopHelloTests;
			productReference = 0DE54224188E3E86004F72E9 /* PopHelloTests.xctest */;
			productType = "com.apple.product-type.bundle.unit-test";
		};
/* End PBXNativeTarget section */

/* Begin PBXProject section */
		0DE541FB188E3E85004F72E9 /* Project object */ = {
			isa = PBXProject;
			attributes = {
				CLASSPREFIX = PH;
				LastUpgradeCheck = 0510;
				ORGANIZATIONNAME = "James Hibberd";
				TargetAttributes = {
					0DE54202188E3E85004F72E9 = {
						SystemCapabilities = {
							com.apple.BackgroundModes = {
								enabled = 1;
							};
						};
					};
					0DE54223188E3E86004F72E9 = {
						TestTargetID = 0DE54202188E3E85004F72E9;
					};
				};
			};
			buildConfigurationList = 0DE541FE188E3E85004F72E9 /* Build configuration list for PBXProject "PopHello" */;
			compatibilityVersion = "Xcode 3.2";
			developmentRegion = English;
			hasScannedForEncodings = 0;
			knownRegions = (
				en,
				Base,
			);
			mainGroup = 0DE541FA188E3E85004F72E9;
			productRefGroup = 0DE54204188E3E85004F72E9 /* Products */;
			projectDirPath = "";
			projectRoot = "";
			targets = (
				0DE54202188E3E85004F72E9 /* PopHello */,
				0DE54223188E3E86004F72E9 /* PopHelloTests */,
			);
		};
/* End PBXProject section */

/* Begin PBXResourcesBuildPhase section */
		0DE54201188E3E85004F72E9 /* Resources */ = {
			isa = PBXResourcesBuildPhase;
			buildActionMask = 2147483647;
			files = (
				0DE5421F188E3E86004F72E9 /* Images.xcassets in Resources */,
				0D1A90C51892656B009636D0 /* Localizable.strings in Resources */,
				0DE54211188E3E85004F72E9 /* InfoPlist.strings in Resources */,
				0DE5421A188E3E86004F72E9 /* Main.storyboard in Resources */,
			);
			runOnlyForDeploymentPostprocessing = 0;
		};
		0DE54222188E3E86004F72E9 /* Resources */ = {
			isa = PBXResourcesBuildPhase;
			buildActionMask = 2147483647;
			files = (
				0DE54230188E3E86004F72E9 /* InfoPlist.strings in Resources */,
			);
			runOnlyForDeploymentPostprocessing = 0;
		};
/* End PBXResourcesBuildPhase section */

/* Begin PBXSourcesBuildPhase section */
		0DE541FF188E3E85004F72E9 /* Sources */ = {
			isa = PBXSourcesBuildPhase;
			buildActionMask = 2147483647;
			files = (
				0DADA24A189E133000AFA25C /* PHServer.m in Sources */,
				0D094FD018D7FC4D006EFD4C /* PHTagNotification.m in Sources */,
				0D7824DD18DBE74000F28481 /* PHTagActiveStore.m in Sources */,
				0DACA7CD18E267D8000297EB /* PHTagCreateSuccess.m in Sources */,
				0DE54217188E3E85004F72E9 /* PHAppDelegate.m in Sources */,
				0DADA23D189C8CFE00AFA25C /* MWLogging.m in Sources */,
				0DBE76C218FCDCD100EC32D4 /* PHUserView.m in Sources */,
				0DA60FAE18E81CF7004E09B1 /* UIFont+PHFont.m in Sources */,
				0DA99130189237B700194290 /* PHMainViewController.m in Sources */,
				0D6488D418CD45B6002FFD3E /* PHTagCreate.m in Sources */,
				0DE54213188E3E85004F72E9 /* main.m in Sources */,
				0D2C848E18FA48D4005B85CE /* PHServiceAvailabilityMonitor.m in Sources */,
				0DADA241189C8D4E00AFA25C /* PHLocationService.m in Sources */,
				0DACA7CA18E10F66000297EB /* PHStoreManager.m in Sources */,
				0DB062CB18D3D4CA00F08C3B /* PHTagsStore.m in Sources */,
				0D2C849218FA70D5005B85CE /* PHServiceUnavailable.m in Sources */,
				0DBE76C818FD08E400EC32D4 /* UIImage+PHImage.m in Sources */,
				0DADA244189E049300AFA25C /* PHZoneManager.m in Sources */,
				0DACA7D818E27753000297EB /* PHServerError.m in Sources */,
				0D0E039918D154CE009B604E /* PopHello.xcdatamodeld in Sources */,
				0DBE7CD21897442300074E96 /* PHTagView.m in Sources */,
				0D7824DA18DAC27100F28481 /* PHLogRecorder.m in Sources */,
				0DA60FB718E8262C004E09B1 /* PHAnimationView.m in Sources */,
				0D70C4241895FD3B0043ED68 /* UIColor+PHColor.m in Sources */,
				0D2C848B18F91A0A005B85CE /* NSArray+PHArray.m in Sources */,
				0DA60FB118E8206C004E09B1 /* PHPending.m in Sources */,
			);
			runOnlyForDeploymentPostprocessing = 0;
		};
		0DE54220188E3E86004F72E9 /* Sources */ = {
			isa = PBXSourcesBuildPhase;
			buildActionMask = 2147483647;
			files = (
				0DE54232188E3E86004F72E9 /* PopHelloTests.m in Sources */,
			);
			runOnlyForDeploymentPostprocessing = 0;
		};
/* End PBXSourcesBuildPhase section */

/* Begin PBXTargetDependency section */
		0DE5422A188E3E86004F72E9 /* PBXTargetDependency */ = {
			isa = PBXTargetDependency;
			target = 0DE54202188E3E85004F72E9 /* PopHello */;
			targetProxy = 0DE54229188E3E86004F72E9 /* PBXContainerItemProxy */;
		};
/* End PBXTargetDependency section */

/* Begin PBXVariantGroup section */
		0DE5420F188E3E85004F72E9 /* InfoPlist.strings */ = {
			isa = PBXVariantGroup;
			children = (
				0DE54210188E3E85004F72E9 /* en */,
			);
			name = InfoPlist.strings;
			sourceTree = "<group>";
		};
		0DE54218188E3E86004F72E9 /* Main.storyboard */ = {
			isa = PBXVariantGroup;
			children = (
				0DE54219188E3E86004F72E9 /* Base */,
			);
			name = Main.storyboard;
			sourceTree = "<group>";
		};
		0DE5422E188E3E86004F72E9 /* InfoPlist.strings */ = {
			isa = PBXVariantGroup;
			children = (
				0DE5422F188E3E86004F72E9 /* en */,
			);
			name = InfoPlist.strings;
			sourceTree = "<group>";
		};
/* End PBXVariantGroup section */

/* Begin XCBuildConfiguration section */
		0DE54233188E3E86004F72E9 /* Debug */ = {
			isa = XCBuildConfiguration;
			buildSettings = {
				ALWAYS_SEARCH_USER_PATHS = NO;
				CLANG_CXX_LANGUAGE_STANDARD = "gnu++0x";
				CLANG_CXX_LIBRARY = "libc++";
				CLANG_ENABLE_MODULES = YES;
				CLANG_ENABLE_OBJC_ARC = YES;
				CLANG_WARN_BOOL_CONVERSION = YES;
				CLANG_WARN_CONSTANT_CONVERSION = YES;
				CLANG_WARN_DIRECT_OBJC_ISA_USAGE = YES_ERROR;
				CLANG_WARN_EMPTY_BODY = YES;
				CLANG_WARN_ENUM_CONVERSION = YES;
				CLANG_WARN_INT_CONVERSION = YES;
				CLANG_WARN_OBJC_ROOT_CLASS = YES_ERROR;
				CLANG_WARN__DUPLICATE_METHOD_MATCH = YES;
				"CODE_SIGN_IDENTITY[sdk=iphoneos*]" = "iPhone Developer";
				COPY_PHASE_STRIP = NO;
				GCC_C_LANGUAGE_STANDARD = gnu99;
				GCC_DYNAMIC_NO_PIC = NO;
				GCC_OPTIMIZATION_LEVEL = 0;
				GCC_PREPROCESSOR_DEFINITIONS = (
					"DEBUG=1",
					"$(inherited)",
				);
				GCC_SYMBOLS_PRIVATE_EXTERN = NO;
				GCC_WARN_64_TO_32_BIT_CONVERSION = YES;
				GCC_WARN_ABOUT_RETURN_TYPE = YES_ERROR;
				GCC_WARN_UNDECLARED_SELECTOR = YES;
				GCC_WARN_UNINITIALIZED_AUTOS = YES;
				GCC_WARN_UNUSED_FUNCTION = YES;
				GCC_WARN_UNUSED_VARIABLE = YES;
				IPHONEOS_DEPLOYMENT_TARGET = 7.0;
				ONLY_ACTIVE_ARCH = YES;
				SDKROOT = iphoneos;
			};
			name = Debug;
		};
		0DE54234188E3E86004F72E9 /* Release */ = {
			isa = XCBuildConfiguration;
			buildSettings = {
				ALWAYS_SEARCH_USER_PATHS = NO;
				CLANG_CXX_LANGUAGE_STANDARD = "gnu++0x";
				CLANG_CXX_LIBRARY = "libc++";
				CLANG_ENABLE_MODULES = YES;
				CLANG_ENABLE_OBJC_ARC = YES;
				CLANG_WARN_BOOL_CONVERSION = YES;
				CLANG_WARN_CONSTANT_CONVERSION = YES;
				CLANG_WARN_DIRECT_OBJC_ISA_USAGE = YES_ERROR;
				CLANG_WARN_EMPTY_BODY = YES;
				CLANG_WARN_ENUM_CONVERSION = YES;
				CLANG_WARN_INT_CONVERSION = YES;
				CLANG_WARN_OBJC_ROOT_CLASS = YES_ERROR;
				CLANG_WARN__DUPLICATE_METHOD_MATCH = YES;
				"CODE_SIGN_IDENTITY[sdk=iphoneos*]" = "iPhone Developer";
				COPY_PHASE_STRIP = YES;
				ENABLE_NS_ASSERTIONS = NO;
				GCC_C_LANGUAGE_STANDARD = gnu99;
				GCC_WARN_64_TO_32_BIT_CONVERSION = YES;
				GCC_WARN_ABOUT_RETURN_TYPE = YES_ERROR;
				GCC_WARN_UNDECLARED_SELECTOR = YES;
				GCC_WARN_UNINITIALIZED_AUTOS = YES;
				GCC_WARN_UNUSED_FUNCTION = YES;
				GCC_WARN_UNUSED_VARIABLE = YES;
				IPHONEOS_DEPLOYMENT_TARGET = 7.0;
				SDKROOT = iphoneos;
				VALIDATE_PRODUCT = YES;
			};
			name = Release;
		};
		0DE54236188E3E86004F72E9 /* Debug */ = {
			isa = XCBuildConfiguration;
			buildSettings = {
				ASSETCATALOG_COMPILER_APPICON_NAME = AppIcon;
				ASSETCATALOG_COMPILER_LAUNCHIMAGE_NAME = LaunchImage;
				COPY_PHASE_STRIP = YES;
				FRAMEWORK_SEARCH_PATHS = (
					"$(inherited)",
					"$(PROJECT_DIR)",
				);
				GCC_PRECOMPILE_PREFIX_HEADER = YES;
				GCC_PREFIX_HEADER = "PopHello/PopHello-Prefix.pch";
				INFOPLIST_FILE = "PopHello/PopHello-Info.plist";
				PRODUCT_NAME = "$(TARGET_NAME)";
				WRAPPER_EXTENSION = app;
			};
			name = Debug;
		};
		0DE54237188E3E86004F72E9 /* Release */ = {
			isa = XCBuildConfiguration;
			buildSettings = {
				ASSETCATALOG_COMPILER_APPICON_NAME = AppIcon;
				ASSETCATALOG_COMPILER_LAUNCHIMAGE_NAME = LaunchImage;
				FRAMEWORK_SEARCH_PATHS = (
					"$(inherited)",
					"$(PROJECT_DIR)",
				);
				GCC_PRECOMPILE_PREFIX_HEADER = YES;
				GCC_PREFIX_HEADER = "PopHello/PopHello-Prefix.pch";
				INFOPLIST_FILE = "PopHello/PopHello-Info.plist";
				PRODUCT_NAME = "$(TARGET_NAME)";
				WRAPPER_EXTENSION = app;
			};
			name = Release;
		};
		0DE54239188E3E86004F72E9 /* Debug */ = {
			isa = XCBuildConfiguration;
			buildSettings = {
				BUNDLE_LOADER = "$(BUILT_PRODUCTS_DIR)/PopHello.app/PopHello";
				FRAMEWORK_SEARCH_PATHS = (
					"$(SDKROOT)/Developer/Library/Frameworks",
					"$(inherited)",
					"$(DEVELOPER_FRAMEWORKS_DIR)",
				);
				GCC_PRECOMPILE_PREFIX_HEADER = YES;
				GCC_PREFIX_HEADER = "PopHello/PopHello-Prefix.pch";
				GCC_PREPROCESSOR_DEFINITIONS = (
					"DEBUG=1",
					"$(inherited)",
				);
				INFOPLIST_FILE = "PopHelloTests/PopHelloTests-Info.plist";
				PRODUCT_NAME = "$(TARGET_NAME)";
				TEST_HOST = "$(BUNDLE_LOADER)";
				WRAPPER_EXTENSION = xctest;
			};
			name = Debug;
		};
		0DE5423A188E3E86004F72E9 /* Release */ = {
			isa = XCBuildConfiguration;
			buildSettings = {
				BUNDLE_LOADER = "$(BUILT_PRODUCTS_DIR)/PopHello.app/PopHello";
				FRAMEWORK_SEARCH_PATHS = (
					"$(SDKROOT)/Developer/Library/Frameworks",
					"$(inherited)",
					"$(DEVELOPER_FRAMEWORKS_DIR)",
				);
				GCC_PRECOMPILE_PREFIX_HEADER = YES;
				GCC_PREFIX_HEADER = "PopHello/PopHello-Prefix.pch";
				INFOPLIST_FILE = "PopHelloTests/PopHelloTests-Info.plist";
				PRODUCT_NAME = "$(TARGET_NAME)";
				TEST_HOST = "$(BUNDLE_LOADER)";
				WRAPPER_EXTENSION = xctest;
			};
			name = Release;
		};
/* End XCBuildConfiguration section */

/* Begin XCConfigurationList section */
		0DE541FE188E3E85004F72E9 /* Build configuration list for PBXProject "PopHello" */ = {
			isa = XCConfigurationList;
			buildConfigurations = (
				0DE54233188E3E86004F72E9 /* Debug */,
				0DE54234188E3E86004F72E9 /* Release */,
			);
			defaultConfigurationIsVisible = 0;
			defaultConfigurationName = Release;
		};
		0DE54235188E3E86004F72E9 /* Build configuration list for PBXNativeTarget "PopHello" */ = {
			isa = XCConfigurationList;
			buildConfigurations = (
				0DE54236188E3E86004F72E9 /* Debug */,
				0DE54237188E3E86004F72E9 /* Release */,
			);
			defaultConfigurationIsVisible = 0;
			defaultConfigurationName = Release;
		};
		0DE54238188E3E86004F72E9 /* Build configuration list for PBXNativeTarget "PopHelloTests" */ = {
			isa = XCConfigurationList;
			buildConfigurations = (
				0DE54239188E3E86004F72E9 /* Debug */,
				0DE5423A188E3E86004F72E9 /* Release */,
			);
			defaultConfigurationIsVisible = 0;
			defaultConfigurationName = Release;
		};
/* End XCConfigurationList section */

/* Begin XCVersionGroup section */
		0D0E039718D154CE009B604E /* PopHello.xcdatamodeld */ = {
			isa = XCVersionGroup;
			children = (
				0D0E039818D154CE009B604E /* PopHello.xcdatamodel */,
			);
			currentVersion = 0D0E039818D154CE009B604E /* PopHello.xcdatamodel */;
			path = PopHello.xcdatamodeld;
			sourceTree = "<group>";
			versionGroupType = wrapper.xcdatamodel;
		};
/* End XCVersionGroup section */
	};
	rootObject = 0DE541FB188E3E85004F72E9 /* Project object */;
}
